
Microsoft Visual Studio Solution File, Format Version 12.00
# Visual Studio Version 17
VisualStudioVersion = 17.10.34928.147
MinimumVisualStudioVersion = 10.0.40219.1
Project("{FAE04EC0-301F-11D3-BF4B-00C04F79EFBC}") = "FFT_Csharp", "FFT_Csharp.csproj", "{2FB50E8A-8CDA-4326-9385-BB29DAF12101}"
EndProject
Global
	GlobalSection(SolutionConfigurationPlatforms) = preSolution
		Debug|Any CPU = Debug|Any CPU
		Release|Any CPU = Release|Any CPU
	EndGlobalSection
	GlobalSection(ProjectConfigurationPlatforms) = postSolution
		{2FB50E8A-8CDA-4326-9385-BB29DAF12101}.Debug|Any CPU.ActiveCfg = Debug|Any CPU
		{2FB50E8A-8CDA-4326-9385-BB29DAF12101}.Debug|Any CPU.Build.0 = Debug|Any CPU
		{2FB50E8A-8CDA-4326-9385-BB29DAF12101}.Release|Any CPU.ActiveCfg = Release|Any CPU
		{2FB50E8A-8CDA-4326-9385-BB29DAF12101}.Release|Any CPU.Build.0 = Release|Any CPU
	EndGlobalSection
	GlobalSection(SolutionProperties) = preSolution
		HideSolutionNode = FALSE
	EndGlobalSection
	GlobalSection(ExtensibilityGlobals) = postSolution
		SolutionGuid = {F3A7FC94-4F97-440A-997D-7BCF0F329E84}
	EndGlobalSection
EndGlobal
